{
  "name": "my-awesome-package",
  "version": "1.0.0",
  "lockfileVersion": 1,
  "requires": true,
  "dependencies": {
    "angular": {
      "version": "https://registry.npmjs.org/angular/-/angular-1.6.6.tgz",
      "integrity": "sha1-/Vo8+0N844LYVO4BEgeXl4Uny2Q="
    },
    "angular-animate": {
      "version": "https://registry.npmjs.org/angular-animate/-/angular-animate-1.6.6.tgz",
      "integrity": "sha1-aSVkexQaBA0kG/ElBA8aFQ/NinA="
    },
    "angular-route": {
      "version": "https://registry.npmjs.org/angular-route/-/angular-route-1.6.6.tgz",
      "integrity": "sha1-jBF0iqGVxxexthWn50ZEK/x8YfQ="
    },
    "angular-sanitize": {
      "version": "https://registry.npmjs.org/angular-sanitize/-/angular-sanitize-1.6.6.tgz",
      "integrity": "sha1-D9BloZkxUX++zmZZbTJdcrbgYEE="
    },
    "angular-translate": {
      "version": "2.16.0",
      "resolved": "https://registry.npmjs.org/angular-translate/-/angular-translate-2.16.0.tgz",
      "integrity": "sha512-kMPOh6lQMF/dji0iq+G/hM8HodxfHV/1VqnvaoklMZXHQOdBP1ucGDuWrWIte/dZ/tbW7MbnE1vOmZY152nwVw==",
      "requires": {
        "angular": "https://registry.npmjs.org/angular/-/angular-1.6.6.tgz"
      }
    },
    "bootstrap": {
      "version": "https://registry.npmjs.org/bootstrap/-/bootstrap-3.3.7.tgz",
      "integrity": "sha1-WjiTlFSfIzMIdaOxUGVldPip63E="
    },
    "jquery": {
      "version": "https://registry.npmjs.org/jquery/-/jquery-3.2.1.tgz",
      "integrity": "sha1-XE2d5lKvbNCncBVKYxu6ErAVx4c="
    },
    "lodash.debounce": {
      "version": "4.0.8",
      "resolved": "https://registry.npmjs.org/lodash.debounce/-/lodash.debounce-4.0.8.tgz",
      "integrity": "sha1-gteb/zCmfEAF/9XiUVMArZyk168="
    },
    "resize-observer-polyfill": {
      "version": "1.4.2",
      "resolved": "https://registry.npmjs.org/resize-observer-polyfill/-/resize-observer-polyfill-1.4.2.tgz",
      "integrity": "sha1-o3GY5iCeiIrLFTKplo4G04tniOU="
    },
    "scrollbarwidth": {
      "version": "0.1.3",
      "resolved": "https://registry.npmjs.org/scrollbarwidth/-/scrollbarwidth-0.1.3.tgz",
      "integrity": "sha1-Gw3mTiiMOMQn9KAf4ApGKgS5T98="
    },
    "simplebar": {
      "version": "2.5.0",
      "resolved": "https://registry.npmjs.org/simplebar/-/simplebar-2.5.0.tgz",
      "integrity": "sha512-BSmTClyXp1X4QtjIfQS6vSzjMTr9HCY49n9r2bY+YsxANMx0f3PoEBgYnC2Z5WG1TexiOV7FG9lsPGpcZM4Yiw==",
      "requires": {
        "lodash.debounce": "4.0.8",
        "resize-observer-polyfill": "1.4.2",
        "scrollbarwidth": "0.1.3"
      }
    }
  }
}
